
Microsoft Visual Studio Solution File, Format Version 12.00
# Visual Studio Version 17
VisualStudioVersion = 17.8.34330.188
MinimumVisualStudioVersion = 10.0.40219.1
Project("{9A19103F-16F7-4668-BE54-9A1E7A4F7556}") = "Chess Phone Numbers", "Chess Phone Numbers.csproj", "{B6394B03-2BA6-4D39-9AA9-05155837B93B}"
EndProject
Project("{FAE04EC0-301F-11D3-BF4B-00C04F79EFBC}") = "Phone Number Permutations", "..\Phone Number Permutations\Phone Number Permutations.csproj", "{F2E95E17-B4FF-4552-AD70-84EFFEEE6E3E}"
EndProject
Global
	GlobalSection(SolutionConfigurationPlatforms) = preSolution
		Debug|Any CPU = Debug|Any CPU
		Release|Any CPU = Release|Any CPU
	EndGlobalSection
	GlobalSection(ProjectConfigurationPlatforms) = postSolution
		{B6394B03-2BA6-4D39-9AA9-05155837B93B}.Debug|Any CPU.ActiveCfg = Debug|Any CPU
		{B6394B03-2BA6-4D39-9AA9-05155837B93B}.Debug|Any CPU.Build.0 = Debug|Any CPU
		{B6394B03-2BA6-4D39-9AA9-05155837B93B}.Release|Any CPU.ActiveCfg = Release|Any CPU
		{B6394B03-2BA6-4D39-9AA9-05155837B93B}.Release|Any CPU.Build.0 = Release|Any CPU
		{F2E95E17-B4FF-4552-AD70-84EFFEEE6E3E}.Debug|Any CPU.ActiveCfg = Debug|Any CPU
		{F2E95E17-B4FF-4552-AD70-84EFFEEE6E3E}.Debug|Any CPU.Build.0 = Debug|Any CPU
		{F2E95E17-B4FF-4552-AD70-84EFFEEE6E3E}.Release|Any CPU.ActiveCfg = Release|Any CPU
		{F2E95E17-B4FF-4552-AD70-84EFFEEE6E3E}.Release|Any CPU.Build.0 = Release|Any CPU
	EndGlobalSection
	GlobalSection(SolutionProperties) = preSolution
		HideSolutionNode = FALSE
	EndGlobalSection
	GlobalSection(ExtensibilityGlobals) = postSolution
		SolutionGuid = {82C3FC20-E9A1-4F80-B982-8DFFB02D631B}
	EndGlobalSection
EndGlobal
